{
  "name": "ansible-creator",
  "lockfileVersion": 3,
  "requires": true,
  "packages": {
    "": {
      "devDependencies": {
        "@devcontainers/cli": "^0.83.0"
      }
    },
    "node_modules/@devcontainers/cli": {
      "version": "0.83.3",
      "resolved": "https://registry.npmjs.org/@devcontainers/cli/-/cli-0.83.3.tgz",
      "integrity": "sha512-QiuI8mrJC6kLXxoGe7jt+yCEKGNn3MS+ZHOYW3zZDki+nsp7lIqOxHvXurvKNv/JFfB9JdoiX8yHgo6yOfXO5w==",
      "dev": true,
      "license": "MIT",
      "bin": {
        "devcontainer": "devcontainer.js"
      },
      "engines": {
        "node": "^16.13.0 || >=18.0.0"
      }
    }
  }
}
