{
  "name": "ansible-creator",
  "lockfileVersion": 3,
  "requires": true,
  "packages": {
    "": {
      "devDependencies": {
        "@devcontainers/cli": "^0.84.0"
      }
    },
    "node_modules/@devcontainers/cli": {
      "version": "0.84.0",
      "resolved": "https://registry.npmjs.org/@devcontainers/cli/-/cli-0.84.0.tgz",
      "integrity": "sha512-zAG9Kvj8qH6bAvReYTO5ZtDUHNr6OEsUqXxK1L1856XZN6c2RVV7aSAp/qIADGqqe0poqPr+ighFlvui2CH2LQ==",
      "dev": true,
      "license": "MIT",
      "bin": {
        "devcontainer": "devcontainer.js"
      },
      "engines": {
        "node": ">=20.0.0"
      }
    }
  }
}
