{
  "name": "ansible-creator",
  "lockfileVersion": 3,
  "requires": true,
  "packages": {
    "": {
      "devDependencies": {
        "@devcontainers/cli": "^0.78.0"
      }
    },
    "node_modules/@devcontainers/cli": {
      "version": "0.78.0",
      "resolved": "https://registry.npmjs.org/@devcontainers/cli/-/cli-0.78.0.tgz",
      "integrity": "sha512-7zg4ruM/KufrgNmxiDV0w263sDLEpQgliCcnGvx04Ht0dwXJGKulqhV+4smG0YraCDjddhP7Ca5zY7/U5mITkw==",
      "dev": true,
      "bin": {
        "devcontainer": "devcontainer.js"
      },
      "engines": {
        "node": "^16.13.0 || >=18.0.0"
      }
    }
  }
}
